{
  "name": "cleaner",
  "version": "1.0.0",
  "lockfileVersion": 1,
  "requires": true,
  "dependencies": {
    "@mtproto/core": {
      "version": "3.4.0",
      "resolved": "https://registry.npmjs.org/@mtproto/core/-/core-3.4.0.tgz",
      "integrity": "sha512-Yi0k8Qm5v3bkOtuF6IFVZ9Wz/lxGmlmpw6apTUzcOhCDz31B/MDPRewxZeN4le6DL07BDrKC7T/G1Lxqy6AGaA==",
      "requires": {
        "aes-js": "3.1.2",
        "big-integer": "1.6.48",
        "env-paths": "2.2.0",
        "events": "3.1.0",
        "leemon": "6.2.0",
        "lodash.debounce": "4.0.8",
        "node-localstorage": "2.1.6",
        "pako": "1.0.11"
      }
    },
    "aes-js": {
      "version": "3.1.2",
      "resolved": "https://registry.npmjs.org/aes-js/-/aes-js-3.1.2.tgz",
      "integrity": "sha512-e5pEa2kBnBOgR4Y/p20pskXI74UEz7de8ZGVo58asOtvSVG5YAbJeELPZxOmt+Bnz3rX753YKhfIn4X4l1PPRQ=="
    },
    "big-integer": {
      "version": "1.6.48",
      "resolved": "https://registry.npmjs.org/big-integer/-/big-integer-1.6.48.tgz",
      "integrity": "sha512-j51egjPa7/i+RdiRuJbPdJ2FIUYYPhvYLjzoYbcMMm62ooO6F94fETG4MTs46zPAF9Brs04OajboA/qTGuz78w=="
    },
    "dotenv": {
      "version": "8.2.0",
      "resolved": "https://registry.npmjs.org/dotenv/-/dotenv-8.2.0.tgz",
      "integrity": "sha512-8sJ78ElpbDJBHNeBzUbUVLsqKdccaa/BXF1uPTw3GrvQTBgrQrtObr2mUrE38vzYd8cEv+m/JBfDLioYcfXoaw=="
    },
    "env-paths": {
      "version": "2.2.0",
      "resolved": "https://registry.npmjs.org/env-paths/-/env-paths-2.2.0.tgz",
      "integrity": "sha512-6u0VYSCo/OW6IoD5WCLLy9JUGARbamfSavcNXry/eu8aHVFei6CD3Sw+VGX5alea1i9pgPHW0mbu6Xj0uBh7gA=="
    },
    "events": {
      "version": "3.1.0",
      "resolved": "https://registry.npmjs.org/events/-/events-3.1.0.tgz",
      "integrity": "sha512-Rv+u8MLHNOdMjTAFeT3nCjHn2aGlx435FP/sDHNaRhDEMwyI/aB22Kj2qIN8R0cw3z28psEQLYwxVKLsKrMgWg=="
    },
    "graceful-fs": {
      "version": "4.2.4",
      "resolved": "https://registry.npmjs.org/graceful-fs/-/graceful-fs-4.2.4.tgz",
      "integrity": "sha512-WjKPNJF79dtJAVniUlGGWHYGz2jWxT6VhN/4m1NdkbZ2nOsEF+cI1Edgql5zCRhs/VsQYRvrXctxktVXZUkixw=="
    },
    "imurmurhash": {
      "version": "0.1.4",
      "resolved": "https://registry.npmjs.org/imurmurhash/-/imurmurhash-0.1.4.tgz",
      "integrity": "sha1-khi5srkoojixPcT7a21XbyMUU+o="
    },
    "leemon": {
      "version": "6.2.0",
      "resolved": "https://registry.npmjs.org/leemon/-/leemon-6.2.0.tgz",
      "integrity": "sha512-a5ieuGSGEb5ezCL6UNds5//cVFaKpeexVK0VDCE8/eOF0r0/9Og94LQ33U2Px5dUcHVCDPWQY8gXLgDlDJnyyg=="
    },
    "lodash.debounce": {
      "version": "4.0.8",
      "resolved": "https://registry.npmjs.org/lodash.debounce/-/lodash.debounce-4.0.8.tgz",
      "integrity": "sha1-gteb/zCmfEAF/9XiUVMArZyk168="
    },
    "node-localstorage": {
      "version": "2.1.6",
      "resolved": "https://registry.npmjs.org/node-localstorage/-/node-localstorage-2.1.6.tgz",
      "integrity": "sha512-yE7AycE5G2hU55d+F7Ona9nx97C+enJzWWx6jrsji7fuPZFJOvuW3X/LKKAcXRBcEIJPDOKt8ZiFWFmShR/irg==",
      "requires": {
        "write-file-atomic": "^1.1.4"
      }
    },
    "pako": {
      "version": "1.0.11",
      "resolved": "https://registry.npmjs.org/pako/-/pako-1.0.11.tgz",
      "integrity": "sha512-4hLB8Py4zZce5s4yd9XzopqwVv/yGNhV1Bl8NTmCq1763HeK2+EwVTv+leGeL13Dnh2wfbqowVPXCIO0z4taYw=="
    },
    "prettier": {
      "version": "2.1.1",
      "resolved": "https://registry.npmjs.org/prettier/-/prettier-2.1.1.tgz",
      "integrity": "sha512-9bY+5ZWCfqj3ghYBLxApy2zf6m+NJo5GzmLTpr9FsApsfjriNnS2dahWReHMi7qNPhhHl9SYHJs2cHZLgexNIw==",
      "dev": true
    },
    "slide": {
      "version": "1.1.6",
      "resolved": "https://registry.npmjs.org/slide/-/slide-1.1.6.tgz",
      "integrity": "sha1-VusCfWW00tzmyy4tMsTUr8nh1wc="
    },
    "write-file-atomic": {
      "version": "1.3.4",
      "resolved": "https://registry.npmjs.org/write-file-atomic/-/write-file-atomic-1.3.4.tgz",
      "integrity": "sha1-+Aek8LHZ6ROuekgRLmzDrxmRtF8=",
      "requires": {
        "graceful-fs": "^4.1.11",
        "imurmurhash": "^0.1.4",
        "slide": "^1.1.5"
      }
    }
  }
}
